
Microsoft Visual Studio Solution File, Format Version 12.00
# Visual Studio Version 17
VisualStudioVersion = 17.3.32901.215
MinimumVisualStudioVersion = 10.0.40219.1
Project("{FAE04EC0-301F-11D3-BF4B-00C04F79EFBC}") = "Snake", "Snake.csproj", "{E9FF022D-002D-4B65-B1C2-4D4BD153CD3A}"
EndProject
Global
	GlobalSection(SolutionConfigurationPlatforms) = preSolution
		Debug|Any CPU = Debug|Any CPU
		Release|Any CPU = Release|Any CPU
	EndGlobalSection
	GlobalSection(ProjectConfigurationPlatforms) = postSolution
		{E9FF022D-002D-4B65-B1C2-4D4BD153CD3A}.Debug|Any CPU.ActiveCfg = Debug|Any CPU
		{E9FF022D-002D-4B65-B1C2-4D4BD153CD3A}.Debug|Any CPU.Build.0 = Debug|Any CPU
		{E9FF022D-002D-4B65-B1C2-4D4BD153CD3A}.Release|Any CPU.ActiveCfg = Release|Any CPU
		{E9FF022D-002D-4B65-B1C2-4D4BD153CD3A}.Release|Any CPU.Build.0 = Release|Any CPU
	EndGlobalSection
	GlobalSection(SolutionProperties) = preSolution
		HideSolutionNode = FALSE
	EndGlobalSection
	GlobalSection(ExtensibilityGlobals) = postSolution
		SolutionGuid = {3FCB5DDF-3731-43AE-BF2D-F1655BAFBFE7}
	EndGlobalSection
EndGlobal
